Microsoft Visual Studio Solution File, Format Version 12.00
# Visual Studio Version 17
VisualStudioVersion = 17.5.2.0
MinimumVisualStudioVersion = 10.0.40219.1
Project("{FAE04EC0-301F-11D3-BF4B-00C04F79EFBC}") = "ADAS", "backend\ADAS.csproj", "{A45DCD5E-D37D-2D38-A505-B5A5EE6C522A}"
EndProject
Global
	GlobalSection(SolutionConfigurationPlatforms) = preSolution
		Debug|Any CPU = Debug|Any CPU
		Release|Any CPU = Release|Any CPU
	EndGlobalSection
	GlobalSection(ProjectConfigurationPlatforms) = postSolution
		{A45DCD5E-D37D-2D38-A505-B5A5EE6C522A}.Debug|Any CPU.ActiveCfg = Debug|Any CPU
		{A45DCD5E-D37D-2D38-A505-B5A5EE6C522A}.Debug|Any CPU.Build.0 = Debug|Any CPU
		{A45DCD5E-D37D-2D38-A505-B5A5EE6C522A}.Release|Any CPU.ActiveCfg = Release|Any CPU
		{A45DCD5E-D37D-2D38-A505-B5A5EE6C522A}.Release|Any CPU.Build.0 = Release|Any CPU
	EndGlobalSection
	GlobalSection(SolutionProperties) = preSolution
		HideSolutionNode = FALSE
	EndGlobalSection
	GlobalSection(ExtensibilityGlobals) = postSolution
		SolutionGuid = {2EE89C7B-A0BA-4E74-BC3E-C266E5504DD0}
	EndGlobalSection
EndGlobal
