{
  "name": "ADAS",
  "lockfileVersion": 3,
  "requires": true,
  "packages": {
    "": {
      "dependencies": {
        "@ffmpeg/core": "^0.12.10",
        "@ffmpeg/ffmpeg": "^0.12.15",
        "highcharts": "^12.5.0",
        "highcharts-react-official": "^3.2.3"
      }
    },
    "node_modules/@ffmpeg/core": {
      "version": "0.12.10",
      "resolved": "https://registry.npmjs.org/@ffmpeg/core/-/core-0.12.10.tgz",
      "integrity": "sha512-dzNplnn2Nxle2c2i2rrDhqcB19q9cglCkWnoMTDN9Q9l3PvdjZWd1HfSPjCNWc/p8Q3CT+Es9fWOR0UhAeYQZA==",
      "license": "GPL-2.0-or-later",
      "engines": {
        "node": ">=16.x"
      }
    },
    "node_modules/@ffmpeg/ffmpeg": {
      "version": "0.12.15",
      "resolved": "https://registry.npmjs.org/@ffmpeg/ffmpeg/-/ffmpeg-0.12.15.tgz",
      "integrity": "sha512-1C8Obr4GsN3xw+/1Ww6PFM84wSQAGsdoTuTWPOj2OizsRDLT4CXTaVjPhkw6ARyDus1B9X/L2LiXHqYYsGnRFw==",
      "license": "MIT",
      "dependencies": {
        "@ffmpeg/types": "^0.12.4"
      },
      "engines": {
        "node": ">=18.x"
      }
    },
    "node_modules/@ffmpeg/types": {
      "version": "0.12.4",
      "resolved": "https://registry.npmjs.org/@ffmpeg/types/-/types-0.12.4.tgz",
      "integrity": "sha512-k9vJQNBGTxE5AhYDtOYR5rO5fKsspbg51gbcwtbkw2lCdoIILzklulcjJfIDwrtn7XhDeF2M+THwJ2FGrLeV6A==",
      "license": "MIT",
      "engines": {
        "node": ">=16.x"
      }
    },
    "node_modules/highcharts": {
      "version": "12.5.0",
      "resolved": "https://registry.npmjs.org/highcharts/-/highcharts-12.5.0.tgz",
      "integrity": "sha512-uNSSv1KqRLNvkyXlf1FbeGWB1mJ/8/IYpVeqYiTIop5Wo8peUvNyzUfLa58vILsmXyz+XrETtgKIEOcSgBBKuQ==",
      "license": "https://www.highcharts.com/license",
      "peer": true,
      "peerDependencies": {
        "jspdf": "^3.0.0",
        "svg2pdf.js": "^2.6.0"
      },
      "peerDependenciesMeta": {
        "jspdf": {
          "optional": true
        },
        "svg2pdf.js": {
          "optional": true
        }
      }
    },
    "node_modules/highcharts-react-official": {
      "version": "3.2.3",
      "resolved": "https://registry.npmjs.org/highcharts-react-official/-/highcharts-react-official-3.2.3.tgz",
      "integrity": "sha512-2gL8bVGe6Pf75tSe6IB5Ucd0nIOJX7ZrpttQBZVrjN2J9StdVZ12aOinXHIOFvlc6EzP8CbN13WS8NUq+9mptA==",
      "license": "MIT",
      "peerDependencies": {
        "highcharts": ">=6.0.0",
        "react": ">=16.8.0"
      }
    },
    "node_modules/react": {
      "version": "19.2.4",
      "resolved": "https://registry.npmjs.org/react/-/react-19.2.4.tgz",
      "integrity": "sha512-9nfp2hYpCwOjAN+8TZFGhtWEwgvWHXqESH8qT89AT/lWklpLON22Lc8pEtnpsZz7VmawabSU0gCjnj8aC0euHQ==",
      "license": "MIT",
      "peer": true,
      "engines": {
        "node": ">=0.10.0"
      }
    }
  }
}
